
Microsoft Visual Studio Solution File, Format Version 12.00
# Visual Studio Version 17
VisualStudioVersion = 17.10.35201.131
MinimumVisualStudioVersion = 10.0.40219.1
Project("{FAE04EC0-301F-11D3-BF4B-00C04F79EFBC}") = "Presentation", "Presentation\Presentation.csproj", "{08692CFD-71F3-4414-B2CF-A286790849B8}"
EndProject
Project("{2150E333-8FDC-42A3-9474-1A3956D46DE8}") = "src", "src", "{EBE2383A-DAF6-4BC5-81AA-BEECF46D1DFD}"
EndProject
Global
	GlobalSection(SolutionConfigurationPlatforms) = preSolution
		Debug|Any CPU = Debug|Any CPU
		Release|Any CPU = Release|Any CPU
	EndGlobalSection
	GlobalSection(ProjectConfigurationPlatforms) = postSolution
		{08692CFD-71F3-4414-B2CF-A286790849B8}.Debug|Any CPU.ActiveCfg = Debug|Any CPU
		{08692CFD-71F3-4414-B2CF-A286790849B8}.Debug|Any CPU.Build.0 = Debug|Any CPU
		{08692CFD-71F3-4414-B2CF-A286790849B8}.Release|Any CPU.ActiveCfg = Release|Any CPU
		{08692CFD-71F3-4414-B2CF-A286790849B8}.Release|Any CPU.Build.0 = Release|Any CPU
	EndGlobalSection
	GlobalSection(SolutionProperties) = preSolution
		HideSolutionNode = FALSE
	EndGlobalSection
	GlobalSection(NestedProjects) = preSolution
		{08692CFD-71F3-4414-B2CF-A286790849B8} = {EBE2383A-DAF6-4BC5-81AA-BEECF46D1DFD}
	EndGlobalSection
	GlobalSection(ExtensibilityGlobals) = postSolution
		SolutionGuid = {CECCA15C-2300-4433-93D5-56013606836C}
	EndGlobalSection
EndGlobal
